
Microsoft Visual Studio Solution File, Format Version 12.00
# Visual Studio 15
VisualStudioVersion = 15.0.27703.2000
MinimumVisualStudioVersion = 10.0.40219.1
Project("{9092AA53-FB77-4645-B42D-1CCCA6BD08BD}") = "RestApiUsingWebApp", "RestApiUsingWebApp\RestApiUsingWebApp.njsproj", "{75CD3F82-0427-427C-9F14-7104C1C96A0D}"
EndProject
Global
	GlobalSection(SolutionConfigurationPlatforms) = preSolution
		Debug|Any CPU = Debug|Any CPU
		Release|Any CPU = Release|Any CPU
	EndGlobalSection
	GlobalSection(ProjectConfigurationPlatforms) = postSolution
		{75CD3F82-0427-427C-9F14-7104C1C96A0D}.Debug|Any CPU.ActiveCfg = Debug|Any CPU
		{75CD3F82-0427-427C-9F14-7104C1C96A0D}.Debug|Any CPU.Build.0 = Debug|Any CPU
		{75CD3F82-0427-427C-9F14-7104C1C96A0D}.Release|Any CPU.ActiveCfg = Release|Any CPU
		{75CD3F82-0427-427C-9F14-7104C1C96A0D}.Release|Any CPU.Build.0 = Release|Any CPU
	EndGlobalSection
	GlobalSection(SolutionProperties) = preSolution
		HideSolutionNode = FALSE
	EndGlobalSection
	GlobalSection(ExtensibilityGlobals) = postSolution
		SolutionGuid = {48990F13-A34A-404D-A435-EC72BCC33FFB}
	EndGlobalSection
EndGlobal
